
Microsoft Visual Studio Solution File, Format Version 12.00
# Visual Studio Version 16
VisualStudioVersion = 16.0.31702.278
MinimumVisualStudioVersion = 10.0.40219.1
Project("{FAE04EC0-301F-11D3-BF4B-00C04F79EFBC}") = "LAB2.2", "LAB2.2\LAB2.2.csproj", "{51459FE0-B7C2-4CB0-9C70-9A3DB4446945}"
EndProject
Global
	GlobalSection(SolutionConfigurationPlatforms) = preSolution
		Debug|Any CPU = Debug|Any CPU
		Release|Any CPU = Release|Any CPU
	EndGlobalSection
	GlobalSection(ProjectConfigurationPlatforms) = postSolution
		{51459FE0-B7C2-4CB0-9C70-9A3DB4446945}.Debug|Any CPU.ActiveCfg = Debug|Any CPU
		{51459FE0-B7C2-4CB0-9C70-9A3DB4446945}.Debug|Any CPU.Build.0 = Debug|Any CPU
		{51459FE0-B7C2-4CB0-9C70-9A3DB4446945}.Release|Any CPU.ActiveCfg = Release|Any CPU
		{51459FE0-B7C2-4CB0-9C70-9A3DB4446945}.Release|Any CPU.Build.0 = Release|Any CPU
	EndGlobalSection
	GlobalSection(SolutionProperties) = preSolution
		HideSolutionNode = FALSE
	EndGlobalSection
	GlobalSection(ExtensibilityGlobals) = postSolution
		SolutionGuid = {1D92A6EF-9C21-4B49-96AE-BF2C477F0EAD}
	EndGlobalSection
EndGlobal
